
Microsoft Visual Studio Solution File, Format Version 12.00
# Visual Studio Version 16
VisualStudioVersion = 16.0.30717.126
MinimumVisualStudioVersion = 10.0.40219.1
Project("{FAE04EC0-301F-11D3-BF4B-00C04F79EFBC}") = "LineComparisonApp", "LineComparisonApp\LineComparisonApp.csproj", "{606986E9-7353-4F03-B358-E098D5AD536C}"
EndProject
Global
	GlobalSection(SolutionConfigurationPlatforms) = preSolution
		Debug|Any CPU = Debug|Any CPU
		Release|Any CPU = Release|Any CPU
	EndGlobalSection
	GlobalSection(ProjectConfigurationPlatforms) = postSolution
		{606986E9-7353-4F03-B358-E098D5AD536C}.Debug|Any CPU.ActiveCfg = Debug|Any CPU
		{606986E9-7353-4F03-B358-E098D5AD536C}.Debug|Any CPU.Build.0 = Debug|Any CPU
		{606986E9-7353-4F03-B358-E098D5AD536C}.Release|Any CPU.ActiveCfg = Release|Any CPU
		{606986E9-7353-4F03-B358-E098D5AD536C}.Release|Any CPU.Build.0 = Release|Any CPU
	EndGlobalSection
	GlobalSection(SolutionProperties) = preSolution
		HideSolutionNode = FALSE
	EndGlobalSection
	GlobalSection(ExtensibilityGlobals) = postSolution
		SolutionGuid = {27A2CB8D-410D-4A30-B526-660DF76C96A4}
	EndGlobalSection
EndGlobal
